// !$*UTF8*$!
{
	archiveVersion = 1;
	classes = {
	};
	objectVersion = 46;
	objects = {

/* Begin PBXBuildFile section */
		542800461D9825F20003E854 /* SwiftyJSON.swift in Sources */ = {isa = PBXBuildFile; fileRef = 542800451D9825F20003E854 /* SwiftyJSON.swift */; };
		5439630D20D2727E00C481E9 /* InitViewController.swift in Sources */ = {isa = PBXBuildFile; fileRef = 5439630C20D2727E00C481E9 /* InitViewController.swift */; };
		5439630F20D28AA400C481E9 /* CommonUI.swift in Sources */ = {isa = PBXBuildFile; fileRef = 5439630E20D28AA400C481E9 /* CommonUI.swift */; };
		544FA69E20BD7C3200128F17 /* Interface.storyboard in Resources */ = {isa = PBXBuildFile; fileRef = 544FA69C20BD7C3200128F17 /* Interface.storyboard */; };
		544FA6A020BD7C3300128F17 /* Assets.xcassets in Resources */ = {isa = PBXBuildFile; fileRef = 544FA69F20BD7C3300128F17 /* Assets.xcassets */; };
		544FA6A720BD7C3300128F17 /* Watch Extension.appex in Embed App Extensions */ = {isa = PBXBuildFile; fileRef = 544FA6A620BD7C3300128F17 /* Watch Extension.appex */; settings = {ATTRIBUTES = (RemoveHeadersOnCopy, ); }; };
		544FA6AC20BD7C3300128F17 /* StartInterfaceController.swift in Sources */ = {isa = PBXBuildFile; fileRef = 544FA6AB20BD7C3300128F17 /* StartInterfaceController.swift */; };
		544FA6AE20BD7C3300128F17 /* ExtensionDelegate.swift in Sources */ = {isa = PBXBuildFile; fileRef = 544FA6AD20BD7C3300128F17 /* ExtensionDelegate.swift */; };
		544FA6B020BD7C3400128F17 /* Assets.xcassets in Resources */ = {isa = PBXBuildFile; fileRef = 544FA6AF20BD7C3400128F17 /* Assets.xcassets */; };
		544FA6B420BD7C3400128F17 /* Watch.app in Embed Watch Content */ = {isa = PBXBuildFile; fileRef = 544FA69A20BD7C3200128F17 /* Watch.app */; };
		544FA6BE20BD829F00128F17 /* TestInterfaceController.swift in Sources */ = {isa = PBXBuildFile; fileRef = 544FA6BD20BD829F00128F17 /* TestInterfaceController.swift */; };
		544FA6C020BDA2B400128F17 /* DoneInterfaceController.swift in Sources */ = {isa = PBXBuildFile; fileRef = 544FA6BF20BDA2B400128F17 /* DoneInterfaceController.swift */; };
		5450E0461C37ABB100E5A67B /* AppDelegate.swift in Sources */ = {isa = PBXBuildFile; fileRef = 5450E0451C37ABB100E5A67B /* AppDelegate.swift */; };
		5450E04B1C37ABB100E5A67B /* Main.storyboard in Resources */ = {isa = PBXBuildFile; fileRef = 5450E0491C37ABB100E5A67B /* Main.storyboard */; };
		5450E04D1C37ABB100E5A67B /* Assets.xcassets in Resources */ = {isa = PBXBuildFile; fileRef = 5450E04C1C37ABB100E5A67B /* Assets.xcassets */; };
		5450E0501C37ABB100E5A67B /* LaunchScreen.storyboard in Resources */ = {isa = PBXBuildFile; fileRef = 5450E04E1C37ABB100E5A67B /* LaunchScreen.storyboard */; };
		5450E05B1C37ABB100E5A67B /* TangoTests.swift in Sources */ = {isa = PBXBuildFile; fileRef = 5450E05A1C37ABB100E5A67B /* TangoTests.swift */; };
		5450E0661C37ADC100E5A67B /* WordViewController.swift in Sources */ = {isa = PBXBuildFile; fileRef = 5450E0651C37ADC100E5A67B /* WordViewController.swift */; };
		5450E06A1C37C97A00E5A67B /* Word.swift in Sources */ = {isa = PBXBuildFile; fileRef = 5450E0691C37C97A00E5A67B /* Word.swift */; };
		5450E06E1C382DFD00E5A67B /* WordLibrary.swift in Sources */ = {isa = PBXBuildFile; fileRef = 5450E06D1C382DFD00E5A67B /* WordLibrary.swift */; };
		5450E0701C382E6100E5A67B /* Level.swift in Sources */ = {isa = PBXBuildFile; fileRef = 5450E06F1C382E6100E5A67B /* Level.swift */; };
		5450E0741C38419500E5A67B /* dummyData.json in Resources */ = {isa = PBXBuildFile; fileRef = 5450E0731C38419500E5A67B /* dummyData.json */; };
		54BE55DD1CB8C6C3002E53F3 /* StatsTableViewController.swift in Sources */ = {isa = PBXBuildFile; fileRef = 54BE55DC1CB8C6C3002E53F3 /* StatsTableViewController.swift */; };
/* End PBXBuildFile section */

/* Begin PBXContainerItemProxy section */
		544FA6A820BD7C3300128F17 /* PBXContainerItemProxy */ = {
			isa = PBXContainerItemProxy;
			containerPortal = 5450E03A1C37ABB100E5A67B /* Project object */;
			proxyType = 1;
			remoteGlobalIDString = 544FA6A520BD7C3300128F17;
			remoteInfo = "Watch Extension";
		};
		544FA6B220BD7C3400128F17 /* PBXContainerItemProxy */ = {
			isa = PBXContainerItemProxy;
			containerPortal = 5450E03A1C37ABB100E5A67B /* Project object */;
			proxyType = 1;
			remoteGlobalIDString = 544FA69920BD7C3200128F17;
			remoteInfo = Watch;
		};
		5450E0571C37ABB100E5A67B /* PBXContainerItemProxy */ = {
			isa = PBXContainerItemProxy;
			containerPortal = 5450E03A1C37ABB100E5A67B /* Project object */;
			proxyType = 1;
			remoteGlobalIDString = 5450E0411C37ABB100E5A67B;
			remoteInfo = Tango;
		};
/* End PBXContainerItemProxy section */

/* Begin PBXCopyFilesBuildPhase section */
		544FA6BA20BD7C3400128F17 /* Embed App Extensions */ = {
			isa = PBXCopyFilesBuildPhase;
			buildActionMask = 2147483647;
			dstPath = "";
			dstSubfolderSpec = 13;
			files = (
				544FA6A720BD7C3300128F17 /* Watch Extension.appex in Embed App Extensions */,
			);
			name = "Embed App Extensions";
			runOnlyForDeploymentPostprocessing = 0;
		};
		544FA6BC20BD7C3400128F17 /* Embed Watch Content */ = {
			isa = PBXCopyFilesBuildPhase;
			buildActionMask = 2147483647;
			dstPath = "$(CONTENTS_FOLDER_PATH)/Watch";
			dstSubfolderSpec = 16;
			files = (
				544FA6B420BD7C3400128F17 /* Watch.app in Embed Watch Content */,
			);
			name = "Embed Watch Content";
			runOnlyForDeploymentPostprocessing = 0;
		};
/* End PBXCopyFilesBuildPhase section */

/* Begin PBXFileReference section */
		542800451D9825F20003E854 /* SwiftyJSON.swift */ = {isa = PBXFileReference; fileEncoding = 4; lastKnownFileType = sourcecode.swift; path = SwiftyJSON.swift; sourceTree = "<group>"; };
		5439630C20D2727E00C481E9 /* InitViewController.swift */ = {isa = PBXFileReference; lastKnownFileType = sourcecode.swift; path = InitViewController.swift; sourceTree = "<group>"; };
		5439630E20D28AA400C481E9 /* CommonUI.swift */ = {isa = PBXFileReference; lastKnownFileType = sourcecode.swift; path = CommonUI.swift; sourceTree = "<group>"; };
		544FA69A20BD7C3200128F17 /* Watch.app */ = {isa = PBXFileReference; explicitFileType = wrapper.application; includeInIndex = 0; path = Watch.app; sourceTree = BUILT_PRODUCTS_DIR; };
		544FA69D20BD7C3200128F17 /* Base */ = {isa = PBXFileReference; lastKnownFileType = file.storyboard; name = Base; path = Base.lproj/Interface.storyboard; sourceTree = "<group>"; };
		544FA69F20BD7C3300128F17 /* Assets.xcassets */ = {isa = PBXFileReference; lastKnownFileType = folder.assetcatalog; path = Assets.xcassets; sourceTree = "<group>"; };
		544FA6A120BD7C3300128F17 /* Info.plist */ = {isa = PBXFileReference; lastKnownFileType = text.plist.xml; path = Info.plist; sourceTree = "<group>"; };
		544FA6A620BD7C3300128F17 /* Watch Extension.appex */ = {isa = PBXFileReference; explicitFileType = "wrapper.app-extension"; includeInIndex = 0; path = "Watch Extension.appex"; sourceTree = BUILT_PRODUCTS_DIR; };
		544FA6AB20BD7C3300128F17 /* StartInterfaceController.swift */ = {isa = PBXFileReference; lastKnownFileType = sourcecode.swift; path = StartInterfaceController.swift; sourceTree = "<group>"; };
		544FA6AD20BD7C3300128F17 /* ExtensionDelegate.swift */ = {isa = PBXFileReference; lastKnownFileType = sourcecode.swift; path = ExtensionDelegate.swift; sourceTree = "<group>"; };
		544FA6AF20BD7C3400128F17 /* Assets.xcassets */ = {isa = PBXFileReference; lastKnownFileType = folder.assetcatalog; path = Assets.xcassets; sourceTree = "<group>"; };
		544FA6B120BD7C3400128F17 /* Info.plist */ = {isa = PBXFileReference; lastKnownFileType = text.plist.xml; path = Info.plist; sourceTree = "<group>"; };
		544FA6BD20BD829F00128F17 /* TestInterfaceController.swift */ = {isa = PBXFileReference; lastKnownFileType = sourcecode.swift; path = TestInterfaceController.swift; sourceTree = "<group>"; };
		544FA6BF20BDA2B400128F17 /* DoneInterfaceController.swift */ = {isa = PBXFileReference; lastKnownFileType = sourcecode.swift; path = DoneInterfaceController.swift; sourceTree = "<group>"; };
		5450E0421C37ABB100E5A67B /* Tango.app */ = {isa = PBXFileReference; explicitFileType = wrapper.application; includeInIndex = 0; path = Tango.app; sourceTree = BUILT_PRODUCTS_DIR; };
		5450E0451C37ABB100E5A67B /* AppDelegate.swift */ = {isa = PBXFileReference; lastKnownFileType = sourcecode.swift; path = AppDelegate.swift; sourceTree = "<group>"; };
		5450E04A1C37ABB100E5A67B /* Base */ = {isa = PBXFileReference; lastKnownFileType = file.storyboard; name = Base; path = Base.lproj/Main.storyboard; sourceTree = "<group>"; };
		5450E04C1C37ABB100E5A67B /* Assets.xcassets */ = {isa = PBXFileReference; lastKnownFileType = folder.assetcatalog; path = Assets.xcassets; sourceTree = "<group>"; };
		5450E04F1C37ABB100E5A67B /* Base */ = {isa = PBXFileReference; lastKnownFileType = file.storyboard; name = Base; path = Base.lproj/LaunchScreen.storyboard; sourceTree = "<group>"; };
		5450E0511C37ABB100E5A67B /* Info.plist */ = {isa = PBXFileReference; lastKnownFileType = text.plist.xml; path = Info.plist; sourceTree = "<group>"; };
		5450E0561C37ABB100E5A67B /* TangoTests.xctest */ = {isa = PBXFileReference; explicitFileType = wrapper.cfbundle; includeInIndex = 0; path = TangoTests.xctest; sourceTree = BUILT_PRODUCTS_DIR; };
		5450E05A1C37ABB100E5A67B /* TangoTests.swift */ = {isa = PBXFileReference; lastKnownFileType = sourcecode.swift; path = TangoTests.swift; sourceTree = "<group>"; };
		5450E05C1C37ABB100E5A67B /* Info.plist */ = {isa = PBXFileReference; lastKnownFileType = text.plist.xml; path = Info.plist; sourceTree = "<group>"; };
		5450E0651C37ADC100E5A67B /* WordViewController.swift */ = {isa = PBXFileReference; fileEncoding = 4; lastKnownFileType = sourcecode.swift; path = WordViewController.swift; sourceTree = "<group>"; };
		5450E0691C37C97A00E5A67B /* Word.swift */ = {isa = PBXFileReference; fileEncoding = 4; lastKnownFileType = sourcecode.swift; path = Word.swift; sourceTree = "<group>"; };
		5450E06D1C382DFD00E5A67B /* WordLibrary.swift */ = {isa = PBXFileReference; fileEncoding = 4; lastKnownFileType = sourcecode.swift; path = WordLibrary.swift; sourceTree = "<group>"; };
		5450E06F1C382E6100E5A67B /* Level.swift */ = {isa = PBXFileReference; fileEncoding = 4; lastKnownFileType = sourcecode.swift; path = Level.swift; sourceTree = "<group>"; };
		5450E0731C38419500E5A67B /* dummyData.json */ = {isa = PBXFileReference; fileEncoding = 4; lastKnownFileType = text.json; path = dummyData.json; sourceTree = "<group>"; };
		54BE55DC1CB8C6C3002E53F3 /* StatsTableViewController.swift */ = {isa = PBXFileReference; fileEncoding = 4; lastKnownFileType = sourcecode.swift; path = StatsTableViewController.swift; sourceTree = "<group>"; };
/* End PBXFileReference section */

/* Begin PBXFrameworksBuildPhase section */
		544FA6A320BD7C3300128F17 /* Frameworks */ = {
			isa = PBXFrameworksBuildPhase;
			buildActionMask = 2147483647;
			files = (
			);
			runOnlyForDeploymentPostprocessing = 0;
		};
		5450E03F1C37ABB100E5A67B /* Frameworks */ = {
			isa = PBXFrameworksBuildPhase;
			buildActionMask = 2147483647;
			files = (
			);
			runOnlyForDeploymentPostprocessing = 0;
		};
		5450E0531C37ABB100E5A67B /* Frameworks */ = {
			isa = PBXFrameworksBuildPhase;
			buildActionMask = 2147483647;
			files = (
			);
			runOnlyForDeploymentPostprocessing = 0;
		};
/* End PBXFrameworksBuildPhase section */

/* Begin PBXGroup section */
		544FA69B20BD7C3200128F17 /* Watch */ = {
			isa = PBXGroup;
			children = (
				544FA69C20BD7C3200128F17 /* Interface.storyboard */,
				544FA69F20BD7C3300128F17 /* Assets.xcassets */,
				544FA6A120BD7C3300128F17 /* Info.plist */,
			);
			path = Watch;
			sourceTree = "<group>";
		};
		544FA6AA20BD7C3300128F17 /* Watch Extension */ = {
			isa = PBXGroup;
			children = (
				544FA6AB20BD7C3300128F17 /* StartInterfaceController.swift */,
				544FA6BD20BD829F00128F17 /* TestInterfaceController.swift */,
				544FA6BF20BDA2B400128F17 /* DoneInterfaceController.swift */,
				544FA6AD20BD7C3300128F17 /* ExtensionDelegate.swift */,
				544FA6AF20BD7C3400128F17 /* Assets.xcassets */,
				544FA6B120BD7C3400128F17 /* Info.plist */,
			);
			path = "Watch Extension";
			sourceTree = "<group>";
		};
		5450E0391C37ABB100E5A67B = {
			isa = PBXGroup;
			children = (
				5450E0441C37ABB100E5A67B /* Tango */,
				5450E0591C37ABB100E5A67B /* TangoTests */,
				544FA69B20BD7C3200128F17 /* Watch */,
				544FA6AA20BD7C3300128F17 /* Watch Extension */,
				5450E0431C37ABB100E5A67B /* Products */,
			);
			sourceTree = "<group>";
		};
		5450E0431C37ABB100E5A67B /* Products */ = {
			isa = PBXGroup;
			children = (
				5450E0421C37ABB100E5A67B /* Tango.app */,
				5450E0561C37ABB100E5A67B /* TangoTests.xctest */,
				544FA69A20BD7C3200128F17 /* Watch.app */,
				544FA6A620BD7C3300128F17 /* Watch Extension.appex */,
			);
			name = Products;
			sourceTree = "<group>";
		};
		5450E0441C37ABB100E5A67B /* Tango */ = {
			isa = PBXGroup;
			children = (
				542800451D9825F20003E854 /* SwiftyJSON.swift */,
				5450E0451C37ABB100E5A67B /* AppDelegate.swift */,
				5450E0491C37ABB100E5A67B /* Main.storyboard */,
				5439630C20D2727E00C481E9 /* InitViewController.swift */,
				5450E0651C37ADC100E5A67B /* WordViewController.swift */,
				5439630E20D28AA400C481E9 /* CommonUI.swift */,
				5450E0691C37C97A00E5A67B /* Word.swift */,
				5450E06F1C382E6100E5A67B /* Level.swift */,
				5450E06D1C382DFD00E5A67B /* WordLibrary.swift */,
				5450E0731C38419500E5A67B /* dummyData.json */,
				54BE55DC1CB8C6C3002E53F3 /* StatsTableViewController.swift */,
				5450E04C1C37ABB100E5A67B /* Assets.xcassets */,
				5450E04E1C37ABB100E5A67B /* LaunchScreen.storyboard */,
				5450E0511C37ABB100E5A67B /* Info.plist */,
			);
			path = Tango;
			sourceTree = "<group>";
		};
		5450E0591C37ABB100E5A67B /* TangoTests */ = {
			isa = PBXGroup;
			children = (
				5450E05A1C37ABB100E5A67B /* TangoTests.swift */,
				5450E05C1C37ABB100E5A67B /* Info.plist */,
			);
			path = TangoTests;
			sourceTree = "<group>";
		};
/* End PBXGroup section */

/* Begin PBXNativeTarget section */
		544FA69920BD7C3200128F17 /* Watch */ = {
			isa = PBXNativeTarget;
			buildConfigurationList = 544FA6BB20BD7C3400128F17 /* Build configuration list for PBXNativeTarget "Watch" */;
			buildPhases = (
				544FA69820BD7C3200128F17 /* Resources */,
				544FA6BA20BD7C3400128F17 /* Embed App Extensions */,
			);
			buildRules = (
			);
			dependencies = (
				544FA6A920BD7C3300128F17 /* PBXTargetDependency */,
			);
			name = Watch;
			productName = Watch;
			productReference = 544FA69A20BD7C3200128F17 /* Watch.app */;
			productType = "com.apple.product-type.application.watchapp2";
		};
		544FA6A520BD7C3300128F17 /* Watch Extension */ = {
			isa = PBXNativeTarget;
			buildConfigurationList = 544FA6B920BD7C3400128F17 /* Build configuration list for PBXNativeTarget "Watch Extension" */;
			buildPhases = (
				544FA6A220BD7C3300128F17 /* Sources */,
				544FA6A320BD7C3300128F17 /* Frameworks */,
				544FA6A420BD7C3300128F17 /* Resources */,
			);
			buildRules = (
			);
			dependencies = (
			);
			name = "Watch Extension";
			productName = "Watch Extension";
			productReference = 544FA6A620BD7C3300128F17 /* Watch Extension.appex */;
			productType = "com.apple.product-type.watchkit2-extension";
		};
		5450E0411C37ABB100E5A67B /* Tango */ = {
			isa = PBXNativeTarget;
			buildConfigurationList = 5450E05F1C37ABB100E5A67B /* Build configuration list for PBXNativeTarget "Tango" */;
			buildPhases = (
				5450E03E1C37ABB100E5A67B /* Sources */,
				5450E03F1C37ABB100E5A67B /* Frameworks */,
				5450E0401C37ABB100E5A67B /* Resources */,
				544FA6BC20BD7C3400128F17 /* Embed Watch Content */,
			);
			buildRules = (
			);
			dependencies = (
				544FA6B320BD7C3400128F17 /* PBXTargetDependency */,
			);
			name = Tango;
			productName = Tango;
			productReference = 5450E0421C37ABB100E5A67B /* Tango.app */;
			productType = "com.apple.product-type.application";
		};
		5450E0551C37ABB100E5A67B /* TangoTests */ = {
			isa = PBXNativeTarget;
			buildConfigurationList = 5450E0621C37ABB100E5A67B /* Build configuration list for PBXNativeTarget "TangoTests" */;
			buildPhases = (
				5450E0521C37ABB100E5A67B /* Sources */,
				5450E0531C37ABB100E5A67B /* Frameworks */,
				5450E0541C37ABB100E5A67B /* Resources */,
			);
			buildRules = (
			);
			dependencies = (
				5450E0581C37ABB100E5A67B /* PBXTargetDependency */,
			);
			name = TangoTests;
			productName = TangoTests;
			productReference = 5450E0561C37ABB100E5A67B /* TangoTests.xctest */;
			productType = "com.apple.product-type.bundle.unit-test";
		};
/* End PBXNativeTarget section */

/* Begin PBXProject section */
		5450E03A1C37ABB100E5A67B /* Project object */ = {
			isa = PBXProject;
			attributes = {
				LastSwiftUpdateCheck = 0930;
				LastUpgradeCheck = 1200;
				ORGANIZATIONNAME = "Eunmo Yang";
				TargetAttributes = {
					544FA69920BD7C3200128F17 = {
						CreatedOnToolsVersion = 9.3.1;
						DevelopmentTeam = MN8Y3BHMSS;
						ProvisioningStyle = Automatic;
					};
					544FA6A520BD7C3300128F17 = {
						CreatedOnToolsVersion = 9.3.1;
						DevelopmentTeam = MN8Y3BHMSS;
						LastSwiftMigration = 1100;
						ProvisioningStyle = Automatic;
					};
					5450E0411C37ABB100E5A67B = {
						CreatedOnToolsVersion = 7.2;
						DevelopmentTeam = MN8Y3BHMSS;
						LastSwiftMigration = 1100;
						ProvisioningStyle = Automatic;
					};
					5450E0551C37ABB100E5A67B = {
						CreatedOnToolsVersion = 7.2;
						DevelopmentTeam = MN8Y3BHMSS;
						LastSwiftMigration = 1100;
						TestTargetID = 5450E0411C37ABB100E5A67B;
					};
				};
			};
			buildConfigurationList = 5450E03D1C37ABB100E5A67B /* Build configuration list for PBXProject "Tango" */;
			compatibilityVersion = "Xcode 3.2";
			developmentRegion = en;
			hasScannedForEncodings = 0;
			knownRegions = (
				en,
				Base,
			);
			mainGroup = 5450E0391C37ABB100E5A67B;
			productRefGroup = 5450E0431C37ABB100E5A67B /* Products */;
			projectDirPath = "";
			projectRoot = "";
			targets = (
				5450E0411C37ABB100E5A67B /* Tango */,
				5450E0551C37ABB100E5A67B /* TangoTests */,
				544FA69920BD7C3200128F17 /* Watch */,
				544FA6A520BD7C3300128F17 /* Watch Extension */,
			);
		};
/* End PBXProject section */

/* Begin PBXResourcesBuildPhase section */
		544FA69820BD7C3200128F17 /* Resources */ = {
			isa = PBXResourcesBuildPhase;
			buildActionMask = 2147483647;
			files = (
				544FA6A020BD7C3300128F17 /* Assets.xcassets in Resources */,
				544FA69E20BD7C3200128F17 /* Interface.storyboard in Resources */,
			);
			runOnlyForDeploymentPostprocessing = 0;
		};
		544FA6A420BD7C3300128F17 /* Resources */ = {
			isa = PBXResourcesBuildPhase;
			buildActionMask = 2147483647;
			files = (
				544FA6B020BD7C3400128F17 /* Assets.xcassets in Resources */,
			);
			runOnlyForDeploymentPostprocessing = 0;
		};
		5450E0401C37ABB100E5A67B /* Resources */ = {
			isa = PBXResourcesBuildPhase;
			buildActionMask = 2147483647;
			files = (
				5450E0501C37ABB100E5A67B /* LaunchScreen.storyboard in Resources */,
				5450E04D1C37ABB100E5A67B /* Assets.xcassets in Resources */,
				5450E04B1C37ABB100E5A67B /* Main.storyboard in Resources */,
				5450E0741C38419500E5A67B /* dummyData.json in Resources */,
			);
			runOnlyForDeploymentPostprocessing = 0;
		};
		5450E0541C37ABB100E5A67B /* Resources */ = {
			isa = PBXResourcesBuildPhase;
			buildActionMask = 2147483647;
			files = (
			);
			runOnlyForDeploymentPostprocessing = 0;
		};
/* End PBXResourcesBuildPhase section */

/* Begin PBXSourcesBuildPhase section */
		544FA6A220BD7C3300128F17 /* Sources */ = {
			isa = PBXSourcesBuildPhase;
			buildActionMask = 2147483647;
			files = (
				544FA6AE20BD7C3300128F17 /* ExtensionDelegate.swift in Sources */,
				544FA6BE20BD829F00128F17 /* TestInterfaceController.swift in Sources */,
				544FA6AC20BD7C3300128F17 /* StartInterfaceController.swift in Sources */,
				544FA6C020BDA2B400128F17 /* DoneInterfaceController.swift in Sources */,
			);
			runOnlyForDeploymentPostprocessing = 0;
		};
		5450E03E1C37ABB100E5A67B /* Sources */ = {
			isa = PBXSourcesBuildPhase;
			buildActionMask = 2147483647;
			files = (
				5450E0701C382E6100E5A67B /* Level.swift in Sources */,
				54BE55DD1CB8C6C3002E53F3 /* StatsTableViewController.swift in Sources */,
				542800461D9825F20003E854 /* SwiftyJSON.swift in Sources */,
				5450E0661C37ADC100E5A67B /* WordViewController.swift in Sources */,
				5439630D20D2727E00C481E9 /* InitViewController.swift in Sources */,
				5439630F20D28AA400C481E9 /* CommonUI.swift in Sources */,
				5450E06E1C382DFD00E5A67B /* WordLibrary.swift in Sources */,
				5450E06A1C37C97A00E5A67B /* Word.swift in Sources */,
				5450E0461C37ABB100E5A67B /* AppDelegate.swift in Sources */,
			);
			runOnlyForDeploymentPostprocessing = 0;
		};
		5450E0521C37ABB100E5A67B /* Sources */ = {
			isa = PBXSourcesBuildPhase;
			buildActionMask = 2147483647;
			files = (
				5450E05B1C37ABB100E5A67B /* TangoTests.swift in Sources */,
			);
			runOnlyForDeploymentPostprocessing = 0;
		};
/* End PBXSourcesBuildPhase section */

/* Begin PBXTargetDependency section */
		544FA6A920BD7C3300128F17 /* PBXTargetDependency */ = {
			isa = PBXTargetDependency;
			target = 544FA6A520BD7C3300128F17 /* Watch Extension */;
			targetProxy = 544FA6A820BD7C3300128F17 /* PBXContainerItemProxy */;
		};
		544FA6B320BD7C3400128F17 /* PBXTargetDependency */ = {
			isa = PBXTargetDependency;
			target = 544FA69920BD7C3200128F17 /* Watch */;
			targetProxy = 544FA6B220BD7C3400128F17 /* PBXContainerItemProxy */;
		};
		5450E0581C37ABB100E5A67B /* PBXTargetDependency */ = {
			isa = PBXTargetDependency;
			target = 5450E0411C37ABB100E5A67B /* Tango */;
			targetProxy = 5450E0571C37ABB100E5A67B /* PBXContainerItemProxy */;
		};
/* End PBXTargetDependency section */

/* Begin PBXVariantGroup section */
		544FA69C20BD7C3200128F17 /* Interface.storyboard */ = {
			isa = PBXVariantGroup;
			children = (
				544FA69D20BD7C3200128F17 /* Base */,
			);
			name = Interface.storyboard;
			sourceTree = "<group>";
		};
		5450E0491C37ABB100E5A67B /* Main.storyboard */ = {
			isa = PBXVariantGroup;
			children = (
				5450E04A1C37ABB100E5A67B /* Base */,
			);
			name = Main.storyboard;
			sourceTree = "<group>";
		};
		5450E04E1C37ABB100E5A67B /* LaunchScreen.storyboard */ = {
			isa = PBXVariantGroup;
			children = (
				5450E04F1C37ABB100E5A67B /* Base */,
			);
			name = LaunchScreen.storyboard;
			sourceTree = "<group>";
		};
/* End PBXVariantGroup section */

/* Begin XCBuildConfiguration section */
		544FA6B520BD7C3400128F17 /* Debug */ = {
			isa = XCBuildConfiguration;
			buildSettings = {
				ALWAYS_EMBED_SWIFT_STANDARD_LIBRARIES = YES;
				ASSETCATALOG_COMPILER_APPICON_NAME = AppIcon;
				CLANG_ANALYZER_NONNULL = YES;
				CLANG_ANALYZER_NUMBER_OBJECT_CONVERSION = YES_AGGRESSIVE;
				CLANG_CXX_LANGUAGE_STANDARD = "gnu++14";
				CLANG_ENABLE_OBJC_WEAK = YES;
				CLANG_WARN_DEPRECATED_OBJC_IMPLEMENTATIONS = YES;
				CLANG_WARN_DOCUMENTATION_COMMENTS = YES;
				CLANG_WARN_OBJC_IMPLICIT_RETAIN_SELF = YES;
				CLANG_WARN_UNGUARDED_AVAILABILITY = YES_AGGRESSIVE;
				CODE_SIGN_IDENTITY = "iPhone Developer";
				"CODE_SIGN_IDENTITY[sdk=iphoneos*]" = "iPhone Developer: Eunmo Yang (BDAPA656WN)";
				CODE_SIGN_STYLE = Automatic;
				DEVELOPMENT_TEAM = MN8Y3BHMSS;
				GCC_C_LANGUAGE_STANDARD = gnu11;
				IBSC_MODULE = Watch_Extension;
				INFOPLIST_FILE = Watch/Info.plist;
				PRODUCT_BUNDLE_IDENTIFIER = com.eunmoyang.Tango.watchkitapp;
				PRODUCT_NAME = "$(TARGET_NAME)";
				SDKROOT = watchos;
				SKIP_INSTALL = YES;
				SWIFT_ACTIVE_COMPILATION_CONDITIONS = DEBUG;
				SWIFT_VERSION = 4.0;
				TARGETED_DEVICE_FAMILY = 4;
				WATCHOS_DEPLOYMENT_TARGET = 6.0;
			};
			name = Debug;
		};
		544FA6B620BD7C3400128F17 /* Release */ = {
			isa = XCBuildConfiguration;
			buildSettings = {
				ALWAYS_EMBED_SWIFT_STANDARD_LIBRARIES = YES;
				ASSETCATALOG_COMPILER_APPICON_NAME = AppIcon;
				CLANG_ANALYZER_NONNULL = YES;
				CLANG_ANALYZER_NUMBER_OBJECT_CONVERSION = YES_AGGRESSIVE;
				CLANG_CXX_LANGUAGE_STANDARD = "gnu++14";
				CLANG_ENABLE_OBJC_WEAK = YES;
				CLANG_WARN_DEPRECATED_OBJC_IMPLEMENTATIONS = YES;
				CLANG_WARN_DOCUMENTATION_COMMENTS = YES;
				CLANG_WARN_OBJC_IMPLICIT_RETAIN_SELF = YES;
				CLANG_WARN_UNGUARDED_AVAILABILITY = YES_AGGRESSIVE;
				CODE_SIGN_IDENTITY = "iPhone Developer";
				"CODE_SIGN_IDENTITY[sdk=iphoneos*]" = "iPhone Developer: Eunmo Yang (BDAPA656WN)";
				CODE_SIGN_STYLE = Automatic;
				DEVELOPMENT_TEAM = MN8Y3BHMSS;
				GCC_C_LANGUAGE_STANDARD = gnu11;
				IBSC_MODULE = Watch_Extension;
				INFOPLIST_FILE = Watch/Info.plist;
				PRODUCT_BUNDLE_IDENTIFIER = com.eunmoyang.Tango.watchkitapp;
				PRODUCT_NAME = "$(TARGET_NAME)";
				SDKROOT = watchos;
				SKIP_INSTALL = YES;
				SWIFT_VERSION = 4.0;
				TARGETED_DEVICE_FAMILY = 4;
				WATCHOS_DEPLOYMENT_TARGET = 6.0;
			};
			name = Release;
		};
		544FA6B720BD7C3400128F17 /* Debug */ = {
			isa = XCBuildConfiguration;
			buildSettings = {
				ASSETCATALOG_COMPILER_COMPLICATION_NAME = Complication;
				CLANG_ANALYZER_NONNULL = YES;
				CLANG_ANALYZER_NUMBER_OBJECT_CONVERSION = YES_AGGRESSIVE;
				CLANG_CXX_LANGUAGE_STANDARD = "gnu++14";
				CLANG_ENABLE_OBJC_WEAK = YES;
				CLANG_WARN_DEPRECATED_OBJC_IMPLEMENTATIONS = YES;
				CLANG_WARN_DOCUMENTATION_COMMENTS = YES;
				CLANG_WARN_OBJC_IMPLICIT_RETAIN_SELF = YES;
				CLANG_WARN_UNGUARDED_AVAILABILITY = YES_AGGRESSIVE;
				CODE_SIGN_STYLE = Automatic;
				DEVELOPMENT_TEAM = MN8Y3BHMSS;
				GCC_C_LANGUAGE_STANDARD = gnu11;
				INFOPLIST_FILE = "Watch Extension/Info.plist";
				LD_RUNPATH_SEARCH_PATHS = "$(inherited) @executable_path/Frameworks @executable_path/../../Frameworks";
				PRODUCT_BUNDLE_IDENTIFIER = com.eunmoyang.Tango.watchkitapp.watchkitextension;
				PRODUCT_NAME = "${TARGET_NAME}";
				SDKROOT = watchos;
				SKIP_INSTALL = YES;
				SWIFT_ACTIVE_COMPILATION_CONDITIONS = DEBUG;
				SWIFT_VERSION = 5.0;
				TARGETED_DEVICE_FAMILY = 4;
				WATCHOS_DEPLOYMENT_TARGET = 6.0;
			};
			name = Debug;
		};
		544FA6B820BD7C3400128F17 /* Release */ = {
			isa = XCBuildConfiguration;
			buildSettings = {
				ASSETCATALOG_COMPILER_COMPLICATION_NAME = Complication;
				CLANG_ANALYZER_NONNULL = YES;
				CLANG_ANALYZER_NUMBER_OBJECT_CONVERSION = YES_AGGRESSIVE;
				CLANG_CXX_LANGUAGE_STANDARD = "gnu++14";
				CLANG_ENABLE_OBJC_WEAK = YES;
				CLANG_WARN_DEPRECATED_OBJC_IMPLEMENTATIONS = YES;
				CLANG_WARN_DOCUMENTATION_COMMENTS = YES;
				CLANG_WARN_OBJC_IMPLICIT_RETAIN_SELF = YES;
				CLANG_WARN_UNGUARDED_AVAILABILITY = YES_AGGRESSIVE;
				CODE_SIGN_STYLE = Automatic;
				DEVELOPMENT_TEAM = MN8Y3BHMSS;
				GCC_C_LANGUAGE_STANDARD = gnu11;
				INFOPLIST_FILE = "Watch Extension/Info.plist";
				LD_RUNPATH_SEARCH_PATHS = "$(inherited) @executable_path/Frameworks @executable_path/../../Frameworks";
				PRODUCT_BUNDLE_IDENTIFIER = com.eunmoyang.Tango.watchkitapp.watchkitextension;
				PRODUCT_NAME = "${TARGET_NAME}";
				SDKROOT = watchos;
				SKIP_INSTALL = YES;
				SWIFT_VERSION = 5.0;
				TARGETED_DEVICE_FAMILY = 4;
				WATCHOS_DEPLOYMENT_TARGET = 6.0;
			};
			name = Release;
		};
		5450E05D1C37ABB100E5A67B /* Debug */ = {
			isa = XCBuildConfiguration;
			buildSettings = {
				ALWAYS_SEARCH_USER_PATHS = NO;
				CLANG_ANALYZER_LOCALIZABILITY_NONLOCALIZED = YES;
				CLANG_CXX_LANGUAGE_STANDARD = "gnu++0x";
				CLANG_CXX_LIBRARY = "libc++";
				CLANG_ENABLE_MODULES = YES;
				CLANG_ENABLE_OBJC_ARC = YES;
				CLANG_WARN_BLOCK_CAPTURE_AUTORELEASING = YES;
				CLANG_WARN_BOOL_CONVERSION = YES;
				CLANG_WARN_COMMA = YES;
				CLANG_WARN_CONSTANT_CONVERSION = YES;
				CLANG_WARN_DEPRECATED_OBJC_IMPLEMENTATIONS = YES;
				CLANG_WARN_DIRECT_OBJC_ISA_USAGE = YES_ERROR;
				CLANG_WARN_EMPTY_BODY = YES;
				CLANG_WARN_ENUM_CONVERSION = YES;
				CLANG_WARN_INFINITE_RECURSION = YES;
				CLANG_WARN_INT_CONVERSION = YES;
				CLANG_WARN_NON_LITERAL_NULL_CONVERSION = YES;
				CLANG_WARN_OBJC_IMPLICIT_RETAIN_SELF = YES;
				CLANG_WARN_OBJC_LITERAL_CONVERSION = YES;
				CLANG_WARN_OBJC_ROOT_CLASS = YES_ERROR;
				CLANG_WARN_QUOTED_INCLUDE_IN_FRAMEWORK_HEADER = YES;
				CLANG_WARN_RANGE_LOOP_ANALYSIS = YES;
				CLANG_WARN_STRICT_PROTOTYPES = YES;
				CLANG_WARN_SUSPICIOUS_MOVE = YES;
				CLANG_WARN_UNREACHABLE_CODE = YES;
				CLANG_WARN__DUPLICATE_METHOD_MATCH = YES;
				CODE_SIGN_IDENTITY = "iPhone Developer";
				"CODE_SIGN_IDENTITY[sdk=iphoneos*]" = "iPhone Developer";
				COPY_PHASE_STRIP = NO;
				DEBUG_INFORMATION_FORMAT = dwarf;
				ENABLE_STRICT_OBJC_MSGSEND = YES;
				ENABLE_TESTABILITY = YES;
				GCC_C_LANGUAGE_STANDARD = gnu99;
				GCC_DYNAMIC_NO_PIC = NO;
				GCC_NO_COMMON_BLOCKS = YES;
				GCC_OPTIMIZATION_LEVEL = 0;
				GCC_PREPROCESSOR_DEFINITIONS = (
					"DEBUG=1",
					"$(inherited)",
				);
				GCC_WARN_64_TO_32_BIT_CONVERSION = YES;
				GCC_WARN_ABOUT_RETURN_TYPE = YES_ERROR;
				GCC_WARN_UNDECLARED_SELECTOR = YES;
				GCC_WARN_UNINITIALIZED_AUTOS = YES_AGGRESSIVE;
				GCC_WARN_UNUSED_FUNCTION = YES;
				GCC_WARN_UNUSED_VARIABLE = YES;
				IPHONEOS_DEPLOYMENT_TARGET = 14.0;
				MTL_ENABLE_DEBUG_INFO = YES;
				ONLY_ACTIVE_ARCH = YES;
				SDKROOT = iphoneos;
				SWIFT_OPTIMIZATION_LEVEL = "-Onone";
				TARGETED_DEVICE_FAMILY = "1,2";
			};
			name = Debug;
		};
		5450E05E1C37ABB100E5A67B /* Release */ = {
			isa = XCBuildConfiguration;
			buildSettings = {
				ALWAYS_SEARCH_USER_PATHS = NO;
				CLANG_ANALYZER_LOCALIZABILITY_NONLOCALIZED = YES;
				CLANG_CXX_LANGUAGE_STANDARD = "gnu++0x";
				CLANG_CXX_LIBRARY = "libc++";
				CLANG_ENABLE_MODULES = YES;
				CLANG_ENABLE_OBJC_ARC = YES;
				CLANG_WARN_BLOCK_CAPTURE_AUTORELEASING = YES;
				CLANG_WARN_BOOL_CONVERSION = YES;
				CLANG_WARN_COMMA = YES;
				CLANG_WARN_CONSTANT_CONVERSION = YES;
				CLANG_WARN_DEPRECATED_OBJC_IMPLEMENTATIONS = YES;
				CLANG_WARN_DIRECT_OBJC_ISA_USAGE = YES_ERROR;
				CLANG_WARN_EMPTY_BODY = YES;
				CLANG_WARN_ENUM_CONVERSION = YES;
				CLANG_WARN_INFINITE_RECURSION = YES;
				CLANG_WARN_INT_CONVERSION = YES;
				CLANG_WARN_NON_LITERAL_NULL_CONVERSION = YES;
				CLANG_WARN_OBJC_IMPLICIT_RETAIN_SELF = YES;
				CLANG_WARN_OBJC_LITERAL_CONVERSION = YES;
				CLANG_WARN_OBJC_ROOT_CLASS = YES_ERROR;
				CLANG_WARN_QUOTED_INCLUDE_IN_FRAMEWORK_HEADER = YES;
				CLANG_WARN_RANGE_LOOP_ANALYSIS = YES;
				CLANG_WARN_STRICT_PROTOTYPES = YES;
				CLANG_WARN_SUSPICIOUS_MOVE = YES;
				CLANG_WARN_UNREACHABLE_CODE = YES;
				CLANG_WARN__DUPLICATE_METHOD_MATCH = YES;
				CODE_SIGN_IDENTITY = "iPhone Developer";
				"CODE_SIGN_IDENTITY[sdk=iphoneos*]" = "iPhone Developer";
				COPY_PHASE_STRIP = NO;
				DEBUG_INFORMATION_FORMAT = "dwarf-with-dsym";
				ENABLE_NS_ASSERTIONS = NO;
				ENABLE_STRICT_OBJC_MSGSEND = YES;
				GCC_C_LANGUAGE_STANDARD = gnu99;
				GCC_NO_COMMON_BLOCKS = YES;
				GCC_WARN_64_TO_32_BIT_CONVERSION = YES;
				GCC_WARN_ABOUT_RETURN_TYPE = YES_ERROR;
				GCC_WARN_UNDECLARED_SELECTOR = YES;
				GCC_WARN_UNINITIALIZED_AUTOS = YES_AGGRESSIVE;
				GCC_WARN_UNUSED_FUNCTION = YES;
				GCC_WARN_UNUSED_VARIABLE = YES;
				IPHONEOS_DEPLOYMENT_TARGET = 14.0;
				MTL_ENABLE_DEBUG_INFO = NO;
				SDKROOT = iphoneos;
				SWIFT_OPTIMIZATION_LEVEL = "-Owholemodule";
				TARGETED_DEVICE_FAMILY = "1,2";
				VALIDATE_PRODUCT = YES;
			};
			name = Release;
		};
		5450E0601C37ABB100E5A67B /* Debug */ = {
			isa = XCBuildConfiguration;
			buildSettings = {
				ASSETCATALOG_COMPILER_APPICON_NAME = AppIcon;
				CODE_SIGN_IDENTITY = "iPhone Developer: Eunmo Yang (BDAPA656WN)";
				"CODE_SIGN_IDENTITY[sdk=iphoneos*]" = "iPhone Developer";
				DEVELOPMENT_TEAM = MN8Y3BHMSS;
				INFOPLIST_FILE = Tango/Info.plist;
				LD_RUNPATH_SEARCH_PATHS = "$(inherited) @executable_path/Frameworks";
				PRODUCT_BUNDLE_IDENTIFIER = com.eunmoyang.Tango;
				PRODUCT_NAME = "$(TARGET_NAME)";
				PROVISIONING_PROFILE = "";
				SWIFT_SWIFT3_OBJC_INFERENCE = On;
				SWIFT_VERSION = 5.0;
			};
			name = Debug;
		};
		5450E0611C37ABB100E5A67B /* Release */ = {
			isa = XCBuildConfiguration;
			buildSettings = {
				ASSETCATALOG_COMPILER_APPICON_NAME = AppIcon;
				CODE_SIGN_IDENTITY = "iPhone Developer: Eunmo Yang (BDAPA656WN)";
				"CODE_SIGN_IDENTITY[sdk=iphoneos*]" = "iPhone Developer";
				DEVELOPMENT_TEAM = MN8Y3BHMSS;
				INFOPLIST_FILE = Tango/Info.plist;
				LD_RUNPATH_SEARCH_PATHS = "$(inherited) @executable_path/Frameworks";
				PRODUCT_BUNDLE_IDENTIFIER = com.eunmoyang.Tango;
				PRODUCT_NAME = "$(TARGET_NAME)";
				PROVISIONING_PROFILE = "";
				SWIFT_SWIFT3_OBJC_INFERENCE = On;
				SWIFT_VERSION = 5.0;
			};
			name = Release;
		};
		5450E0631C37ABB100E5A67B /* Debug */ = {
			isa = XCBuildConfiguration;
			buildSettings = {
				BUNDLE_LOADER = "$(TEST_HOST)";
				DEVELOPMENT_TEAM = MN8Y3BHMSS;
				INFOPLIST_FILE = TangoTests/Info.plist;
				LD_RUNPATH_SEARCH_PATHS = "$(inherited) @executable_path/Frameworks @loader_path/Frameworks";
				PRODUCT_BUNDLE_IDENTIFIER = com.example.TangoTests;
				PRODUCT_NAME = "$(TARGET_NAME)";
				SWIFT_SWIFT3_OBJC_INFERENCE = On;
				SWIFT_VERSION = 5.0;
				TEST_HOST = "$(BUILT_PRODUCTS_DIR)/Tango.app/Tango";
			};
			name = Debug;
		};
		5450E0641C37ABB100E5A67B /* Release */ = {
			isa = XCBuildConfiguration;
			buildSettings = {
				BUNDLE_LOADER = "$(TEST_HOST)";
				DEVELOPMENT_TEAM = MN8Y3BHMSS;
				INFOPLIST_FILE = TangoTests/Info.plist;
				LD_RUNPATH_SEARCH_PATHS = "$(inherited) @executable_path/Frameworks @loader_path/Frameworks";
				PRODUCT_BUNDLE_IDENTIFIER = com.example.TangoTests;
				PRODUCT_NAME = "$(TARGET_NAME)";
				SWIFT_SWIFT3_OBJC_INFERENCE = On;
				SWIFT_VERSION = 5.0;
				TEST_HOST = "$(BUILT_PRODUCTS_DIR)/Tango.app/Tango";
			};
			name = Release;
		};
/* End XCBuildConfiguration section */

/* Begin XCConfigurationList section */
		544FA6B920BD7C3400128F17 /* Build configuration list for PBXNativeTarget "Watch Extension" */ = {
			isa = XCConfigurationList;
			buildConfigurations = (
				544FA6B720BD7C3400128F17 /* Debug */,
				544FA6B820BD7C3400128F17 /* Release */,
			);
			defaultConfigurationIsVisible = 0;
			defaultConfigurationName = Release;
		};
		544FA6BB20BD7C3400128F17 /* Build configuration list for PBXNativeTarget "Watch" */ = {
			isa = XCConfigurationList;
			buildConfigurations = (
				544FA6B520BD7C3400128F17 /* Debug */,
				544FA6B620BD7C3400128F17 /* Release */,
			);
			defaultConfigurationIsVisible = 0;
			defaultConfigurationName = Release;
		};
		5450E03D1C37ABB100E5A67B /* Build configuration list for PBXProject "Tango" */ = {
			isa = XCConfigurationList;
			buildConfigurations = (
				5450E05D1C37ABB100E5A67B /* Debug */,
				5450E05E1C37ABB100E5A67B /* Release */,
			);
			defaultConfigurationIsVisible = 0;
			defaultConfigurationName = Release;
		};
		5450E05F1C37ABB100E5A67B /* Build configuration list for PBXNativeTarget "Tango" */ = {
			isa = XCConfigurationList;
			buildConfigurations = (
				5450E0601C37ABB100E5A67B /* Debug */,
				5450E0611C37ABB100E5A67B /* Release */,
			);
			defaultConfigurationIsVisible = 0;
			defaultConfigurationName = Release;
		};
		5450E0621C37ABB100E5A67B /* Build configuration list for PBXNativeTarget "TangoTests" */ = {
			isa = XCConfigurationList;
			buildConfigurations = (
				5450E0631C37ABB100E5A67B /* Debug */,
				5450E0641C37ABB100E5A67B /* Release */,
			);
			defaultConfigurationIsVisible = 0;
			defaultConfigurationName = Release;
		};
/* End XCConfigurationList section */
	};
	rootObject = 5450E03A1C37ABB100E5A67B /* Project object */;
}
